{
  "name": "talkyform",
  "version": "1.0.0",
  "lockfileVersion": 3,
  "requires": true,
  "packages": {
    "": {
      "name": "talkyform",
      "version": "1.0.0",
      "license": "ISC",
      "dependencies": {
        "daisyui": "^5.7.17"
      }
    },
    "node_modules/daisyui": {
      "version": "5.7.17",
      "resolved": "https://registry.npmjs.org/daisyui/-/daisyui-5.7.17.tgz",
      "integrity": "sha512-w5U5FdL9hH4/zh8eLXytWQt3c0DgHS1WDw+1yuQykT8nSIE9Vc5wkJVeDymD1JlRDLANDawvN4iIGVaxgV6Cjw==",
      "license": "MIT",
      "funding": {
        "url": "https://github.com/saadeghi/daisyui?sponsor=1"
      }
    }
  }
}
